
Microsoft Visual Studio Solution File, Format Version 12.00
# Visual Studio Version 17
VisualStudioVersion = 17.9.34622.214
MinimumVisualStudioVersion = 10.0.40219.1
Project("{8BC9CEB8-8B4A-11D0-8D11-00A0C91BC942}") = "Bai01", "Bai01\Bai01.vcxproj", "{044E0007-01F7-477A-8CC9-35F67FA0C460}"
EndProject
Project("{8BC9CEB8-8B4A-11D0-8D11-00A0C91BC942}") = "Bai02", "Bai02\Bai02.vcxproj", "{ED77EA62-B287-4A2D-AA0D-F7B70C0F64EC}"
EndProject
Project("{8BC9CEB8-8B4A-11D0-8D11-00A0C91BC942}") = "Bai03", "Bai03\Bai03.vcxproj", "{2B5F7A26-959D-4AA0-B9B6-282BECC77769}"
EndProject
Project("{8BC9CEB8-8B4A-11D0-8D11-00A0C91BC942}") = "Bai04", "Bai04\Bai04.vcxproj", "{B8E1A413-BC9B-49C9-9810-18B155628E92}"
EndProject
Project("{8BC9CEB8-8B4A-11D0-8D11-00A0C91BC942}") = "Bai05", "Bai05\Bai05.vcxproj", "{9E13301C-7181-46A4-829A-E79897DB4D5A}"
EndProject
Project("{8BC9CEB8-8B4A-11D0-8D11-00A0C91BC942}") = "Bai06", "Bai06\Bai06.vcxproj", "{67594BFF-3E62-478C-B213-066A508ED268}"
EndProject
Project("{8BC9CEB8-8B4A-11D0-8D11-00A0C91BC942}") = "Bai07", "Bai07\Bai07.vcxproj", "{EDC31713-7F55-4466-95C7-1523003EEDFF}"
EndProject
Project("{8BC9CEB8-8B4A-11D0-8D11-00A0C91BC942}") = "Bai08", "Bai08\Bai08.vcxproj", "{00139679-8CA9-4E37-AA42-4FCFCA884B31}"
EndProject
Project("{8BC9CEB8-8B4A-11D0-8D11-00A0C91BC942}") = "Bai09", "Bai09\Bai09.vcxproj", "{7A2E517C-B552-4797-993E-B5A87438425E}"
EndProject
Global
	GlobalSection(SolutionConfigurationPlatforms) = preSolution
		Debug|x64 = Debug|x64
		Debug|x86 = Debug|x86
		Release|x64 = Release|x64
		Release|x86 = Release|x86
	EndGlobalSection
	GlobalSection(ProjectConfigurationPlatforms) = postSolution
		{044E0007-01F7-477A-8CC9-35F67FA0C460}.Debug|x64.ActiveCfg = Debug|x64
		{044E0007-01F7-477A-8CC9-35F67FA0C460}.Debug|x64.Build.0 = Debug|x64
		{044E0007-01F7-477A-8CC9-35F67FA0C460}.Debug|x86.ActiveCfg = Debug|Win32
		{044E0007-01F7-477A-8CC9-35F67FA0C460}.Debug|x86.Build.0 = Debug|Win32
		{044E0007-01F7-477A-8CC9-35F67FA0C460}.Release|x64.ActiveCfg = Release|x64
		{044E0007-01F7-477A-8CC9-35F67FA0C460}.Release|x64.Build.0 = Release|x64
		{044E0007-01F7-477A-8CC9-35F67FA0C460}.Release|x86.ActiveCfg = Release|Win32
		{044E0007-01F7-477A-8CC9-35F67FA0C460}.Release|x86.Build.0 = Release|Win32
		{ED77EA62-B287-4A2D-AA0D-F7B70C0F64EC}.Debug|x64.ActiveCfg = Debug|x64
		{ED77EA62-B287-4A2D-AA0D-F7B70C0F64EC}.Debug|x64.Build.0 = Debug|x64
		{ED77EA62-B287-4A2D-AA0D-F7B70C0F64EC}.Debug|x86.ActiveCfg = Debug|Win32
		{ED77EA62-B287-4A2D-AA0D-F7B70C0F64EC}.Debug|x86.Build.0 = Debug|Win32
		{ED77EA62-B287-4A2D-AA0D-F7B70C0F64EC}.Release|x64.ActiveCfg = Release|x64
		{ED77EA62-B287-4A2D-AA0D-F7B70C0F64EC}.Release|x64.Build.0 = Release|x64
		{ED77EA62-B287-4A2D-AA0D-F7B70C0F64EC}.Release|x86.ActiveCfg = Release|Win32
		{ED77EA62-B287-4A2D-AA0D-F7B70C0F64EC}.Release|x86.Build.0 = Release|Win32
		{2B5F7A26-959D-4AA0-B9B6-282BECC77769}.Debug|x64.ActiveCfg = Debug|x64
		{2B5F7A26-959D-4AA0-B9B6-282BECC77769}.Debug|x64.Build.0 = Debug|x64
		{2B5F7A26-959D-4AA0-B9B6-282BECC77769}.Debug|x86.ActiveCfg = Debug|Win32
		{2B5F7A26-959D-4AA0-B9B6-282BECC77769}.Debug|x86.Build.0 = Debug|Win32
		{2B5F7A26-959D-4AA0-B9B6-282BECC77769}.Release|x64.ActiveCfg = Release|x64
		{2B5F7A26-959D-4AA0-B9B6-282BECC77769}.Release|x64.Build.0 = Release|x64
		{2B5F7A26-959D-4AA0-B9B6-282BECC77769}.Release|x86.ActiveCfg = Release|Win32
		{2B5F7A26-959D-4AA0-B9B6-282BECC77769}.Release|x86.Build.0 = Release|Win32
		{B8E1A413-BC9B-49C9-9810-18B155628E92}.Debug|x64.ActiveCfg = Debug|x64
		{B8E1A413-BC9B-49C9-9810-18B155628E92}.Debug|x64.Build.0 = Debug|x64
		{B8E1A413-BC9B-49C9-9810-18B155628E92}.Debug|x86.ActiveCfg = Debug|Win32
		{B8E1A413-BC9B-49C9-9810-18B155628E92}.Debug|x86.Build.0 = Debug|Win32
		{B8E1A413-BC9B-49C9-9810-18B155628E92}.Release|x64.ActiveCfg = Release|x64
		{B8E1A413-BC9B-49C9-9810-18B155628E92}.Release|x64.Build.0 = Release|x64
		{B8E1A413-BC9B-49C9-9810-18B155628E92}.Release|x86.ActiveCfg = Release|Win32
		{B8E1A413-BC9B-49C9-9810-18B155628E92}.Release|x86.Build.0 = Release|Win32
		{9E13301C-7181-46A4-829A-E79897DB4D5A}.Debug|x64.ActiveCfg = Debug|x64
		{9E13301C-7181-46A4-829A-E79897DB4D5A}.Debug|x64.Build.0 = Debug|x64
		{9E13301C-7181-46A4-829A-E79897DB4D5A}.Debug|x86.ActiveCfg = Debug|Win32
		{9E13301C-7181-46A4-829A-E79897DB4D5A}.Debug|x86.Build.0 = Debug|Win32
		{9E13301C-7181-46A4-829A-E79897DB4D5A}.Release|x64.ActiveCfg = Release|x64
		{9E13301C-7181-46A4-829A-E79897DB4D5A}.Release|x64.Build.0 = Release|x64
		{9E13301C-7181-46A4-829A-E79897DB4D5A}.Release|x86.ActiveCfg = Release|Win32
		{9E13301C-7181-46A4-829A-E79897DB4D5A}.Release|x86.Build.0 = Release|Win32
		{67594BFF-3E62-478C-B213-066A508ED268}.Debug|x64.ActiveCfg = Debug|x64
		{67594BFF-3E62-478C-B213-066A508ED268}.Debug|x64.Build.0 = Debug|x64
		{67594BFF-3E62-478C-B213-066A508ED268}.Debug|x86.ActiveCfg = Debug|Win32
		{67594BFF-3E62-478C-B213-066A508ED268}.Debug|x86.Build.0 = Debug|Win32
		{67594BFF-3E62-478C-B213-066A508ED268}.Release|x64.ActiveCfg = Release|x64
		{67594BFF-3E62-478C-B213-066A508ED268}.Release|x64.Build.0 = Release|x64
		{67594BFF-3E62-478C-B213-066A508ED268}.Release|x86.ActiveCfg = Release|Win32
		{67594BFF-3E62-478C-B213-066A508ED268}.Release|x86.Build.0 = Release|Win32
		{EDC31713-7F55-4466-95C7-1523003EEDFF}.Debug|x64.ActiveCfg = Debug|x64
		{EDC31713-7F55-4466-95C7-1523003EEDFF}.Debug|x64.Build.0 = Debug|x64
		{EDC31713-7F55-4466-95C7-1523003EEDFF}.Debug|x86.ActiveCfg = Debug|Win32
		{EDC31713-7F55-4466-95C7-1523003EEDFF}.Debug|x86.Build.0 = Debug|Win32
		{EDC31713-7F55-4466-95C7-1523003EEDFF}.Release|x64.ActiveCfg = Release|x64
		{EDC31713-7F55-4466-95C7-1523003EEDFF}.Release|x64.Build.0 = Release|x64
		{EDC31713-7F55-4466-95C7-1523003EEDFF}.Release|x86.ActiveCfg = Release|Win32
		{EDC31713-7F55-4466-95C7-1523003EEDFF}.Release|x86.Build.0 = Release|Win32
		{00139679-8CA9-4E37-AA42-4FCFCA884B31}.Debug|x64.ActiveCfg = Debug|x64
		{00139679-8CA9-4E37-AA42-4FCFCA884B31}.Debug|x64.Build.0 = Debug|x64
		{00139679-8CA9-4E37-AA42-4FCFCA884B31}.Debug|x86.ActiveCfg = Debug|Win32
		{00139679-8CA9-4E37-AA42-4FCFCA884B31}.Debug|x86.Build.0 = Debug|Win32
		{00139679-8CA9-4E37-AA42-4FCFCA884B31}.Release|x64.ActiveCfg = Release|x64
		{00139679-8CA9-4E37-AA42-4FCFCA884B31}.Release|x64.Build.0 = Release|x64
		{00139679-8CA9-4E37-AA42-4FCFCA884B31}.Release|x86.ActiveCfg = Release|Win32
		{00139679-8CA9-4E37-AA42-4FCFCA884B31}.Release|x86.Build.0 = Release|Win32
		{7A2E517C-B552-4797-993E-B5A87438425E}.Debug|x64.ActiveCfg = Debug|x64
		{7A2E517C-B552-4797-993E-B5A87438425E}.Debug|x64.Build.0 = Debug|x64
		{7A2E517C-B552-4797-993E-B5A87438425E}.Debug|x86.ActiveCfg = Debug|Win32
		{7A2E517C-B552-4797-993E-B5A87438425E}.Debug|x86.Build.0 = Debug|Win32
		{7A2E517C-B552-4797-993E-B5A87438425E}.Release|x64.ActiveCfg = Release|x64
		{7A2E517C-B552-4797-993E-B5A87438425E}.Release|x64.Build.0 = Release|x64
		{7A2E517C-B552-4797-993E-B5A87438425E}.Release|x86.ActiveCfg = Release|Win32
		{7A2E517C-B552-4797-993E-B5A87438425E}.Release|x86.Build.0 = Release|Win32
	EndGlobalSection
	GlobalSection(SolutionProperties) = preSolution
		HideSolutionNode = FALSE
	EndGlobalSection
	GlobalSection(ExtensibilityGlobals) = postSolution
		SolutionGuid = {2D8AA5DE-2EA5-4602-BEA7-90600F3704D6}
	EndGlobalSection
EndGlobal
