
Microsoft Visual Studio Solution File, Format Version 12.00
# Visual Studio Version 17
VisualStudioVersion = 17.11.35312.102
MinimumVisualStudioVersion = 10.0.40219.1
Project("{FAE04EC0-301F-11D3-BF4B-00C04F79EFBC}") = "DuBaoThoiTiet", "DuBaoThoiTiet\DuBaoThoiTiet.csproj", "{E9654860-8362-4DAE-A930-0EA848156B30}"
EndProject
Global
	GlobalSection(SolutionConfigurationPlatforms) = preSolution
		Debug|Any CPU = Debug|Any CPU
		Release|Any CPU = Release|Any CPU
	EndGlobalSection
	GlobalSection(ProjectConfigurationPlatforms) = postSolution
		{E9654860-8362-4DAE-A930-0EA848156B30}.Debug|Any CPU.ActiveCfg = Debug|Any CPU
		{E9654860-8362-4DAE-A930-0EA848156B30}.Debug|Any CPU.Build.0 = Debug|Any CPU
		{E9654860-8362-4DAE-A930-0EA848156B30}.Release|Any CPU.ActiveCfg = Release|Any CPU
		{E9654860-8362-4DAE-A930-0EA848156B30}.Release|Any CPU.Build.0 = Release|Any CPU
	EndGlobalSection
	GlobalSection(SolutionProperties) = preSolution
		HideSolutionNode = FALSE
	EndGlobalSection
	GlobalSection(ExtensibilityGlobals) = postSolution
		SolutionGuid = {D7E4DB8B-DEDA-4128-9675-3A34BF116783}
	EndGlobalSection
EndGlobal
